<?xml version="1.0" encoding="utf-8"?>
<Project ToolsVersion="4.0" xmlns="http://schemas.microsoft.com/developer/msbuild/2003">
  <ItemGroup>
    <Filter Include="Quelldateien">
      <UniqueIdentifier>{4FC737F1-C7A5-4376-A066-2A32D752A2FF}</UniqueIdentifier>
      <Extensions>cpp;c;cc;cxx;def;odl;idl;hpj;bat;asm;asmx</Extensions>
    </Filter>
    <Filter Include="Headerdateien">
      <UniqueIdentifier>{93995380-89BD-4b04-88EB-625FBE52EBFB}</UniqueIdentifier>
      <Extensions>h;hh;hpp;hxx;hm;inl;inc;xsd</Extensions>
    </Filter>
    <Filter Include="Ressourcendateien">
      <UniqueIdentifier>{67DA6AB6-F800-4c08-8B7A-83BB121AAD01}</UniqueIdentifier>
      <Extensions>rc;ico;cur;bmp;dlg;rc2;rct;bin;rgs;gif;jpg;jpeg;jpe;resx;tiff;tif;png;wav;mfcribbon-ms</Extensions>
    </Filter>
  </ItemGroup>
  <ItemGroup>
    <ClInclude Include="addstreetdialog.h">
      <Filter>Headerdateien</Filter>
    </ClInclude>
    <ClInclude Include="city.h">
      <Filter>Headerdateien</Filter>
    </ClInclude>
    <ClInclude Include="dijkstra.h">
      <Filter>Headerdateien</Filter>
    </ClInclude>
    <ClInclude Include="dijkstradialog.h">
      <Filter>Headerdateien</Filter>
    </ClInclude>
    <ClInclude Include="mainwindow.h">
      <Filter>Headerdateien</Filter>
    </ClInclude>
    <ClInclude Include="map.h">
      <Filter>Headerdateien</Filter>
    </ClInclude>
    <ClInclude Include="mapio.h">
      <Filter>Headerdateien</Filter>
    </ClInclude>
    <ClInclude Include="mapionrw.h">
      <Filter>Headerdateien</Filter>
    </ClInclude>
    <ClInclude Include="newcityui.h">
      <Filter>Headerdateien</Filter>
    </ClInclude>
    <ClInclude Include="street.h">
      <Filter>Headerdateien</Filter>
    </ClInclude>
    <ClInclude Include="abstractmap.h">
      <Filter>Headerdateien</Filter>
    </ClInclude>
  </ItemGroup>
  <ItemGroup>
    <None Include="Versuch9.pro" />
    <None Include="Versuch9.pro.user" />
    <None Include="addstreetdialog.ui">
      <Filter>Ressourcendateien</Filter>
    </None>
    <None Include="newcityui.ui">
      <Filter>Ressourcendateien</Filter>
    </None>
    <None Include="dijkstradialog.ui">
      <Filter>Ressourcendateien</Filter>
    </None>
    <None Include="dikstradialog.ui">
      <Filter>Ressourcendateien</Filter>
    </None>
    <None Include="mainwindow.ui">
      <Filter>Ressourcendateien</Filter>
    </None>
    <None Include="Streetplanner.doxyfile">
      <Filter>Ressourcendateien</Filter>
    </None>
  </ItemGroup>
  <ItemGroup>
    <ClCompile Include="city.cpp">
      <Filter>Quelldateien</Filter>
    </ClCompile>
    <ClCompile Include="dijkstra.cpp">
      <Filter>Quelldateien</Filter>
    </ClCompile>
    <ClCompile Include="dijkstradialog.cpp">
      <Filter>Quelldateien</Filter>
    </ClCompile>
    <ClCompile Include="main.cpp">
      <Filter>Quelldateien</Filter>
    </ClCompile>
    <ClCompile Include="mainwindow.cpp">
      <Filter>Quelldateien</Filter>
    </ClCompile>
    <ClCompile Include="map.cpp">
      <Filter>Quelldateien</Filter>
    </ClCompile>
    <ClCompile Include="mapio.cpp">
      <Filter>Quelldateien</Filter>
    </ClCompile>
    <ClCompile Include="mapionrw.cpp">
      <Filter>Quelldateien</Filter>
    </ClCompile>
    <ClCompile Include="newcityui.cpp">
      <Filter>Quelldateien</Filter>
    </ClCompile>
    <ClCompile Include="street.cpp">
      <Filter>Quelldateien</Filter>
    </ClCompile>
    <ClCompile Include="abstractmap.cpp">
      <Filter>Quelldateien</Filter>
    </ClCompile>
    <ClCompile Include="addstreetdialog.cpp">
      <Filter>Quelldateien</Filter>
    </ClCompile>
  </ItemGroup>
</Project>